
Microsoft Visual Studio Solution File, Format Version 12.00
# Visual Studio Version 17
VisualStudioVersion = 17.9.34701.34
MinimumVisualStudioVersion = 10.0.40219.1
Project("{FAE04EC0-301F-11D3-BF4B-00C04F79EFBC}") = "ConsoleApp20", "ConsoleApp20\ConsoleApp20.csproj", "{50125913-80F7-41B9-A8CC-E2E105D26803}"
EndProject
Global
	GlobalSection(SolutionConfigurationPlatforms) = preSolution
		Debug|Any CPU = Debug|Any CPU
		Release|Any CPU = Release|Any CPU
	EndGlobalSection
	GlobalSection(ProjectConfigurationPlatforms) = postSolution
		{50125913-80F7-41B9-A8CC-E2E105D26803}.Debug|Any CPU.ActiveCfg = Debug|Any CPU
		{50125913-80F7-41B9-A8CC-E2E105D26803}.Debug|Any CPU.Build.0 = Debug|Any CPU
		{50125913-80F7-41B9-A8CC-E2E105D26803}.Release|Any CPU.ActiveCfg = Release|Any CPU
		{50125913-80F7-41B9-A8CC-E2E105D26803}.Release|Any CPU.Build.0 = Release|Any CPU
	EndGlobalSection
	GlobalSection(SolutionProperties) = preSolution
		HideSolutionNode = FALSE
	EndGlobalSection
	GlobalSection(ExtensibilityGlobals) = postSolution
		SolutionGuid = {3FD05465-5EAB-401B-8A74-8D2EC70C2FCA}
	EndGlobalSection
EndGlobal
